
Microsoft Visual Studio Solution File, Format Version 12.00
# Visual Studio 15
VisualStudioVersion = 15.0.28010.2046
MinimumVisualStudioVersion = 10.0.40219.1
Project("{FAE04EC0-301F-11D3-BF4B-00C04F79EFBC}") = "AHBC_Lab_11", "AHBC_Lab_11\AHBC_Lab_11.csproj", "{76D826D3-F767-4008-A283-525BE0AF7134}"
EndProject
Global
	GlobalSection(SolutionConfigurationPlatforms) = preSolution
		Debug|Any CPU = Debug|Any CPU
		Release|Any CPU = Release|Any CPU
	EndGlobalSection
	GlobalSection(ProjectConfigurationPlatforms) = postSolution
		{76D826D3-F767-4008-A283-525BE0AF7134}.Debug|Any CPU.ActiveCfg = Debug|Any CPU
		{76D826D3-F767-4008-A283-525BE0AF7134}.Debug|Any CPU.Build.0 = Debug|Any CPU
		{76D826D3-F767-4008-A283-525BE0AF7134}.Release|Any CPU.ActiveCfg = Release|Any CPU
		{76D826D3-F767-4008-A283-525BE0AF7134}.Release|Any CPU.Build.0 = Release|Any CPU
	EndGlobalSection
	GlobalSection(SolutionProperties) = preSolution
		HideSolutionNode = FALSE
	EndGlobalSection
	GlobalSection(ExtensibilityGlobals) = postSolution
		SolutionGuid = {A50CD1E3-BA52-4E73-98CC-D318FF679F59}
	EndGlobalSection
EndGlobal
